
Microsoft Visual Studio Solution File, Format Version 12.00
# Visual Studio Version 16
VisualStudioVersion = 16.0.29806.167
MinimumVisualStudioVersion = 10.0.40219.1
Project("{FAE04EC0-301F-11D3-BF4B-00C04F79EFBC}") = "RecruitmentPortalApp", "RecruitmentPortalApp.csproj", "{08200282-9373-41E0-B420-8CBF50D6E6BE}"
EndProject
Project("{FAE04EC0-301F-11D3-BF4B-00C04F79EFBC}") = "RecruitmentPortalAppTest", "..\RecruitmentPortalAppTest\RecruitmentPortalAppTest.csproj", "{BE7B9399-0D6C-4328-8493-1928CF2504DF}"
EndProject
Global
	GlobalSection(SolutionConfigurationPlatforms) = preSolution
		Debug|Any CPU = Debug|Any CPU
		Release|Any CPU = Release|Any CPU
	EndGlobalSection
	GlobalSection(ProjectConfigurationPlatforms) = postSolution
		{08200282-9373-41E0-B420-8CBF50D6E6BE}.Debug|Any CPU.ActiveCfg = Debug|Any CPU
		{08200282-9373-41E0-B420-8CBF50D6E6BE}.Debug|Any CPU.Build.0 = Debug|Any CPU
		{08200282-9373-41E0-B420-8CBF50D6E6BE}.Release|Any CPU.ActiveCfg = Release|Any CPU
		{08200282-9373-41E0-B420-8CBF50D6E6BE}.Release|Any CPU.Build.0 = Release|Any CPU
		{BE7B9399-0D6C-4328-8493-1928CF2504DF}.Debug|Any CPU.ActiveCfg = Debug|Any CPU
		{BE7B9399-0D6C-4328-8493-1928CF2504DF}.Debug|Any CPU.Build.0 = Debug|Any CPU
		{BE7B9399-0D6C-4328-8493-1928CF2504DF}.Release|Any CPU.ActiveCfg = Release|Any CPU
		{BE7B9399-0D6C-4328-8493-1928CF2504DF}.Release|Any CPU.Build.0 = Release|Any CPU
	EndGlobalSection
	GlobalSection(SolutionProperties) = preSolution
		HideSolutionNode = FALSE
	EndGlobalSection
	GlobalSection(ExtensibilityGlobals) = postSolution
		SolutionGuid = {A8C87260-83E8-4EBD-BEEF-1DDFC6B9DAB3}
	EndGlobalSection
EndGlobal
